{
  "version": 4,
  "terraform_version": "1.5.3",
  "serial": 15,
  "lineage": "6eb6504f-377d-d67c-747f-fde412c35b68",
  "outputs": {
    "eks_cluster_certificate_authority": {
      "value": [
        {
          "data": "LS0tLS1CRUdJTiBDRVJUSUZJQ0FURS0tLS0tCk1JSUMvakNDQWVhZ0F3SUJBZ0lCQURBTkJna3Foa2lHOXcwQkFRc0ZBREFWTVJNd0VRWURWUVFERXdwcmRXSmwKY201bGRHVnpNQjRYRFRJek1EY3lOekV3TURjd01Gb1hEVE16TURjeU5ERXdNRGN3TUZvd0ZURVRNQkVHQTFVRQpBeE1LYTNWaVpYSnVaWFJsY3pDQ0FTSXdEUVlKS29aSWh2Y05BUUVCQlFBRGdnRVBBRENDQVFvQ2dnRUJBTUdBCnVPN2lYaXlRSy9MUzIzVWhCS1JJVUJOTHo2dzhhSXRsODkzMDdmd3dlVGdnL1A0RjBtK0ZsaE1TRHNIbXMyZjIKQVd6Z3RjWGJ4QjZoYXUvU003YThxL1p4TkhtODdZSUdQbndmWWpiSGFIRFJHS1J4UytRZXFXdXh1M3EyKzNsbgppbnM1SktGeTBybVhUbzRRZS9CTTRmL3o3YVRCT0FUcjBIY2xaMVgrc0lVbUpFWkpoamxIWng4dmxNeXUxV09PCm5ySzhwbFlZTnZJWHpKaG1JWE00S1d2L2JlT1pVRS9NbEtkbjl2VjBNYzI2eERua01zTkMxZnFwdHQyQVZkZFIKQXAwRGtIVmRNK05PKzlYNDA5ZGg5d2F5akRSNHIwaFlUNnlmQm5zVUVUZ1pWUTZFOW9TaDJPWE5LaVJidEZtRwpJOFJ6Ylp3V1c2UERXWVFJanI4Q0F3RUFBYU5aTUZjd0RnWURWUjBQQVFIL0JBUURBZ0trTUE4R0ExVWRFd0VCCi93UUZNQU1CQWY4d0hRWURWUjBPQkJZRUZBMDE2NWRHVGRNT0kzUXl5Q24vVTg5cmxVM3RNQlVHQTFVZEVRUU8KTUF5Q0NtdDFZbVZ5Ym1WMFpYTXdEUVlKS29aSWh2Y05BUUVMQlFBRGdnRUJBSHNibFhyaFM0ZTEwWk1nYi9oSwpwUk1DSzBGdGtZRzg0YnAwMkFMKzQ3UGV6Q1BWOFBOemZiRlk5MHdMaUxpdlBHWVdYTXd1NjRXYXUxbEZlUjVNCmEzbHJmQk9uay9jYTUzdjBTNDRDRWVFVXF5WHVnNzlPZS9PRFdnTUl3Z1h4eGMwS2FWbXJ5ZWpNUnQxZ1FMU1oKTURhZTlIblJtc0RJUEIrWnFua3hjYVdFY29qS2o4WFJKVHJFb2lrTW42V2lkQmNGczBkaGdoYmtMOXlmV094UQp1TVNGMXU5d2FGVlhtZ0hHNEFEcy9NWC8zREFWZ1NCZjYwUnBhdXVPeWFXdXp2dmJlWWtzYnRiNWRPcHRnTVZmCnVIWVYwSklyZFhRT1RPdTJMOHdSbENvK0hjTkMvaVlRWUdJSlJrb0QvRjhodFlZM3I0SkNtWXlVUTd4Nm9HRXAKZHhnPQotLS0tLUVORCBDRVJUSUZJQ0FURS0tLS0tCg=="
        }
      ],
      "type": [
        "list",
        [
          "object",
          {
            "data": "string"
          }
        ]
      ]
    },
    "eks_cluster_endpoint": {
      "value": "https://71944400B297CC133ECE8E88C1726E0B.yl4.us-east-2.eks.amazonaws.com",
      "type": "string"
    }
  },
  "resources": [
    {
      "mode": "managed",
      "type": "aws_eks_cluster",
      "name": "aws_eks",
      "provider": "provider[\"registry.terraform.io/hashicorp/aws\"]",
      "instances": [
        {
          "schema_version": 0,
          "attributes": {
            "arn": "arn:aws:eks:us-east-2:637579187462:cluster/eks_cluster_tuto",
            "certificate_authority": [
              {
                "data": "LS0tLS1CRUdJTiBDRVJUSUZJQ0FURS0tLS0tCk1JSUMvakNDQWVhZ0F3SUJBZ0lCQURBTkJna3Foa2lHOXcwQkFRc0ZBREFWTVJNd0VRWURWUVFERXdwcmRXSmwKY201bGRHVnpNQjRYRFRJek1EY3lOekV3TURjd01Gb1hEVE16TURjeU5ERXdNRGN3TUZvd0ZURVRNQkVHQTFVRQpBeE1LYTNWaVpYSnVaWFJsY3pDQ0FTSXdEUVlKS29aSWh2Y05BUUVCQlFBRGdnRVBBRENDQVFvQ2dnRUJBTUdBCnVPN2lYaXlRSy9MUzIzVWhCS1JJVUJOTHo2dzhhSXRsODkzMDdmd3dlVGdnL1A0RjBtK0ZsaE1TRHNIbXMyZjIKQVd6Z3RjWGJ4QjZoYXUvU003YThxL1p4TkhtODdZSUdQbndmWWpiSGFIRFJHS1J4UytRZXFXdXh1M3EyKzNsbgppbnM1SktGeTBybVhUbzRRZS9CTTRmL3o3YVRCT0FUcjBIY2xaMVgrc0lVbUpFWkpoamxIWng4dmxNeXUxV09PCm5ySzhwbFlZTnZJWHpKaG1JWE00S1d2L2JlT1pVRS9NbEtkbjl2VjBNYzI2eERua01zTkMxZnFwdHQyQVZkZFIKQXAwRGtIVmRNK05PKzlYNDA5ZGg5d2F5akRSNHIwaFlUNnlmQm5zVUVUZ1pWUTZFOW9TaDJPWE5LaVJidEZtRwpJOFJ6Ylp3V1c2UERXWVFJanI4Q0F3RUFBYU5aTUZjd0RnWURWUjBQQVFIL0JBUURBZ0trTUE4R0ExVWRFd0VCCi93UUZNQU1CQWY4d0hRWURWUjBPQkJZRUZBMDE2NWRHVGRNT0kzUXl5Q24vVTg5cmxVM3RNQlVHQTFVZEVRUU8KTUF5Q0NtdDFZbVZ5Ym1WMFpYTXdEUVlKS29aSWh2Y05BUUVMQlFBRGdnRUJBSHNibFhyaFM0ZTEwWk1nYi9oSwpwUk1DSzBGdGtZRzg0YnAwMkFMKzQ3UGV6Q1BWOFBOemZiRlk5MHdMaUxpdlBHWVdYTXd1NjRXYXUxbEZlUjVNCmEzbHJmQk9uay9jYTUzdjBTNDRDRWVFVXF5WHVnNzlPZS9PRFdnTUl3Z1h4eGMwS2FWbXJ5ZWpNUnQxZ1FMU1oKTURhZTlIblJtc0RJUEIrWnFua3hjYVdFY29qS2o4WFJKVHJFb2lrTW42V2lkQmNGczBkaGdoYmtMOXlmV094UQp1TVNGMXU5d2FGVlhtZ0hHNEFEcy9NWC8zREFWZ1NCZjYwUnBhdXVPeWFXdXp2dmJlWWtzYnRiNWRPcHRnTVZmCnVIWVYwSklyZFhRT1RPdTJMOHdSbENvK0hjTkMvaVlRWUdJSlJrb0QvRjhodFlZM3I0SkNtWXlVUTd4Nm9HRXAKZHhnPQotLS0tLUVORCBDRVJUSUZJQ0FURS0tLS0tCg=="
              }
            ],
            "cluster_id": null,
            "created_at": "2023-07-27 10:02:05.5 +0000 UTC",
            "enabled_cluster_log_types": null,
            "encryption_config": [],
            "endpoint": "https://71944400B297CC133ECE8E88C1726E0B.yl4.us-east-2.eks.amazonaws.com",
            "id": "eks_cluster_tuto",
            "identity": [
              {
                "oidc": [
                  {
                    "issuer": "https://oidc.eks.us-east-2.amazonaws.com/id/71944400B297CC133ECE8E88C1726E0B"
                  }
                ]
              }
            ],
            "kubernetes_network_config": [
              {
                "ip_family": "ipv4",
                "service_ipv4_cidr": "10.100.0.0/16",
                "service_ipv6_cidr": ""
              }
            ],
            "name": "eks_cluster_tuto",
            "outpost_config": [],
            "platform_version": "eks.3",
            "role_arn": "arn:aws:iam::637579187462:role/eks-cluster",
            "status": "ACTIVE",
            "tags": {
              "Name": "EKS_tuto"
            },
            "tags_all": {
              "Name": "EKS_tuto"
            },
            "timeouts": null,
            "version": "1.27",
            "vpc_config": [
              {
                "cluster_security_group_id": "sg-0551f4a405a6ce150",
                "endpoint_private_access": false,
                "endpoint_public_access": true,
                "public_access_cidrs": [
                  "0.0.0.0/0"
                ],
                "security_group_ids": null,
                "subnet_ids": [
                  "subnet-03dbaa2b5057267f6",
                  "subnet-04ca3932947c51d96"
                ],
                "vpc_id": "vpc-08d623d921041000b"
              }
            ]
          },
          "sensitive_attributes": [],
          "private": "eyJlMmJmYjczMC1lY2FhLTExZTYtOGY4OC0zNDM2M2JjN2M0YzAiOnsiY3JlYXRlIjoxODAwMDAwMDAwMDAwLCJkZWxldGUiOjkwMDAwMDAwMDAwMCwidXBkYXRlIjozNjAwMDAwMDAwMDAwfX0=",
          "dependencies": [
            "aws_iam_role.eks_cluster"
          ]
        }
      ]
    },
    {
      "mode": "managed",
      "type": "aws_eks_node_group",
      "name": "node",
      "provider": "provider[\"registry.terraform.io/hashicorp/aws\"]",
      "instances": [
        {
          "schema_version": 0,
          "attributes": {
            "ami_type": "AL2_x86_64",
            "arn": "arn:aws:eks:us-east-2:637579187462:nodegroup/eks_cluster_tuto/node_tuto/18c4cb6a-0197-5b3c-6936-1ef29f30715a",
            "capacity_type": "ON_DEMAND",
            "cluster_name": "eks_cluster_tuto",
            "disk_size": 20,
            "force_update_version": null,
            "id": "eks_cluster_tuto:node_tuto",
            "instance_types": [
              "t3.medium"
            ],
            "labels": null,
            "launch_template": [],
            "node_group_name": "node_tuto",
            "node_group_name_prefix": "",
            "node_role_arn": "arn:aws:iam::637579187462:role/eks-node-group-tuto",
            "release_version": "1.27.3-20230711",
            "remote_access": [],
            "resources": [
              {
                "autoscaling_groups": [
                  {
                    "name": "eks-node_tuto-18c4cb6a-0197-5b3c-6936-1ef29f30715a"
                  }
                ],
                "remote_access_security_group_id": ""
              }
            ],
            "scaling_config": [
              {
                "desired_size": 1,
                "max_size": 1,
                "min_size": 1
              }
            ],
            "status": "ACTIVE",
            "subnet_ids": [
              "subnet-03dbaa2b5057267f6",
              "subnet-04ca3932947c51d96"
            ],
            "tags": null,
            "tags_all": {},
            "taint": [],
            "timeouts": null,
            "update_config": [
              {
                "max_unavailable": 1,
                "max_unavailable_percentage": 0
              }
            ],
            "version": "1.27"
          },
          "sensitive_attributes": [],
          "private": "eyJlMmJmYjczMC1lY2FhLTExZTYtOGY4OC0zNDM2M2JjN2M0YzAiOnsiY3JlYXRlIjozNjAwMDAwMDAwMDAwLCJkZWxldGUiOjM2MDAwMDAwMDAwMDAsInVwZGF0ZSI6MzYwMDAwMDAwMDAwMH19",
          "dependencies": [
            "aws_eks_cluster.aws_eks",
            "aws_iam_role.eks_cluster",
            "aws_iam_role.eks_nodes",
            "aws_iam_role_policy_attachment.AmazonEC2ContainerRegistryReadOnly",
            "aws_iam_role_policy_attachment.AmazonEKSWorkerNodePolicy",
            "aws_iam_role_policy_attachment.AmazonEKS_CNI_Policy"
          ]
        }
      ]
    },
    {
      "mode": "managed",
      "type": "aws_iam_role",
      "name": "eks_cluster",
      "provider": "provider[\"registry.terraform.io/hashicorp/aws\"]",
      "instances": [
        {
          "schema_version": 0,
          "attributes": {
            "arn": "arn:aws:iam::637579187462:role/eks-cluster",
            "assume_role_policy": "{\"Statement\":[{\"Action\":\"sts:AssumeRole\",\"Effect\":\"Allow\",\"Principal\":{\"Service\":\"eks.amazonaws.com\"}}],\"Version\":\"2012-10-17\"}",
            "create_date": "2023-07-26T22:01:10Z",
            "description": "",
            "force_detach_policies": false,
            "id": "eks-cluster",
            "inline_policy": [],
            "managed_policy_arns": [
              "arn:aws:iam::aws:policy/AmazonEKSClusterPolicy",
              "arn:aws:iam::aws:policy/AmazonEKSServicePolicy"
            ],
            "max_session_duration": 3600,
            "name": "eks-cluster",
            "name_prefix": "",
            "path": "/",
            "permissions_boundary": null,
            "tags": {},
            "tags_all": {},
            "unique_id": "AROAZI4VOKUDKSIIWX54J"
          },
          "sensitive_attributes": [],
          "private": "bnVsbA=="
        }
      ]
    },
    {
      "mode": "managed",
      "type": "aws_iam_role",
      "name": "eks_nodes",
      "provider": "provider[\"registry.terraform.io/hashicorp/aws\"]",
      "instances": [
        {
          "schema_version": 0,
          "attributes": {
            "arn": "arn:aws:iam::637579187462:role/eks-node-group-tuto",
            "assume_role_policy": "{\"Statement\":[{\"Action\":\"sts:AssumeRole\",\"Effect\":\"Allow\",\"Principal\":{\"Service\":\"ec2.amazonaws.com\"}}],\"Version\":\"2012-10-17\"}",
            "create_date": "2023-07-26T21:59:54Z",
            "description": "",
            "force_detach_policies": false,
            "id": "eks-node-group-tuto",
            "inline_policy": [],
            "managed_policy_arns": [
              "arn:aws:iam::aws:policy/AmazonEC2ContainerRegistryReadOnly",
              "arn:aws:iam::aws:policy/AmazonEKSWorkerNodePolicy",
              "arn:aws:iam::aws:policy/AmazonEKS_CNI_Policy"
            ],
            "max_session_duration": 3600,
            "name": "eks-node-group-tuto",
            "name_prefix": "",
            "path": "/",
            "permissions_boundary": null,
            "tags": {},
            "tags_all": {},
            "unique_id": "AROAZI4VOKUDOOVSEWQJP"
          },
          "sensitive_attributes": [],
          "private": "bnVsbA=="
        }
      ]
    },
    {
      "mode": "managed",
      "type": "aws_iam_role_policy_attachment",
      "name": "AmazonEC2ContainerRegistryReadOnly",
      "provider": "provider[\"registry.terraform.io/hashicorp/aws\"]",
      "instances": [
        {
          "schema_version": 0,
          "attributes": {
            "id": "eks-node-group-tuto-20230726215956145300000003",
            "policy_arn": "arn:aws:iam::aws:policy/AmazonEC2ContainerRegistryReadOnly",
            "role": "eks-node-group-tuto"
          },
          "sensitive_attributes": [],
          "private": "bnVsbA==",
          "dependencies": [
            "aws_iam_role.eks_nodes"
          ]
        }
      ]
    },
    {
      "mode": "managed",
      "type": "aws_iam_role_policy_attachment",
      "name": "AmazonEKSClusterPolicy",
      "provider": "provider[\"registry.terraform.io/hashicorp/aws\"]",
      "instances": [
        {
          "schema_version": 0,
          "attributes": {
            "id": "eks-cluster-20230726220111474500000001",
            "policy_arn": "arn:aws:iam::aws:policy/AmazonEKSClusterPolicy",
            "role": "eks-cluster"
          },
          "sensitive_attributes": [],
          "private": "bnVsbA==",
          "dependencies": [
            "aws_iam_role.eks_cluster"
          ]
        }
      ]
    },
    {
      "mode": "managed",
      "type": "aws_iam_role_policy_attachment",
      "name": "AmazonEKSServicePolicy",
      "provider": "provider[\"registry.terraform.io/hashicorp/aws\"]",
      "instances": [
        {
          "schema_version": 0,
          "attributes": {
            "id": "eks-cluster-20230726220111761600000002",
            "policy_arn": "arn:aws:iam::aws:policy/AmazonEKSServicePolicy",
            "role": "eks-cluster"
          },
          "sensitive_attributes": [],
          "private": "bnVsbA==",
          "dependencies": [
            "aws_iam_role.eks_cluster"
          ]
        }
      ]
    },
    {
      "mode": "managed",
      "type": "aws_iam_role_policy_attachment",
      "name": "AmazonEKSWorkerNodePolicy",
      "provider": "provider[\"registry.terraform.io/hashicorp/aws\"]",
      "instances": [
        {
          "schema_version": 0,
          "attributes": {
            "id": "eks-node-group-tuto-20230726215955831700000002",
            "policy_arn": "arn:aws:iam::aws:policy/AmazonEKSWorkerNodePolicy",
            "role": "eks-node-group-tuto"
          },
          "sensitive_attributes": [],
          "private": "bnVsbA==",
          "dependencies": [
            "aws_iam_role.eks_nodes"
          ]
        }
      ]
    },
    {
      "mode": "managed",
      "type": "aws_iam_role_policy_attachment",
      "name": "AmazonEKS_CNI_Policy",
      "provider": "provider[\"registry.terraform.io/hashicorp/aws\"]",
      "instances": [
        {
          "schema_version": 0,
          "attributes": {
            "id": "eks-node-group-tuto-20230726215955830500000001",
            "policy_arn": "arn:aws:iam::aws:policy/AmazonEKS_CNI_Policy",
            "role": "eks-node-group-tuto"
          },
          "sensitive_attributes": [],
          "private": "bnVsbA==",
          "dependencies": [
            "aws_iam_role.eks_nodes"
          ]
        }
      ]
    }
  ],
  "check_results": null
}
